
Microsoft Visual Studio Solution File, Format Version 12.00
# Visual Studio 2013
VisualStudioVersion = 12.0.30110.0
MinimumVisualStudioVersion = 10.0.40219.1
Project("{FAE04EC0-301F-11D3-BF4B-00C04F79EFBC}") = "TopShelfWcfExample.ConsoleApp", "TopShelfWcfExample.ConsoleApp\TopShelfWcfExample.ConsoleApp.csproj", "{7BB250C4-59CE-44B1-B8C6-066EF656BF0C}"
EndProject
Project("{FAE04EC0-301F-11D3-BF4B-00C04F79EFBC}") = "TopShelfWcfExample.ConsoleApp.UnitTests", "TopShelfWcfExample.ConsoleApp.UnitTests\TopShelfWcfExample.ConsoleApp.UnitTests.csproj", "{AB99DEA5-8486-468F-AC41-F7971F0C029D}"
EndProject
Project("{2150E333-8FDC-42A3-9474-1A3956D46DE8}") = "Solution Items", "Solution Items", "{8FE7077C-C662-4902-8F50-5770D0616749}"
	ProjectSection(SolutionItems) = preProject
		ReadMe.txt = ReadMe.txt
		Version.cs = Version.cs
	EndProjectSection
EndProject
Project("{FAE04EC0-301F-11D3-BF4B-00C04F79EFBC}") = "TopShelfWcfExample.MyBusinessLibrary", "TopShelfWcfExample.MyBusinessLibrary\TopShelfWcfExample.MyBusinessLibrary.csproj", "{AC76933F-D42A-43A9-A649-B19FF76D4519}"
EndProject
Project("{2150E333-8FDC-42A3-9474-1A3956D46DE8}") = "Service", "Service", "{228BB31A-EDF8-4628-938A-CC42EFE492D3}"
EndProject
Project("{FAE04EC0-301F-11D3-BF4B-00C04F79EFBC}") = "TopShelfWcfExample.MyBusinessLibrary.UnitTests", "TopShelfWcfExample.MyBusinessLibrary.UnitTests\TopShelfWcfExample.MyBusinessLibrary.UnitTests.csproj", "{1D2B4CA7-36B4-4734-AE56-B33DF8C3275D}"
EndProject
Global
	GlobalSection(SolutionConfigurationPlatforms) = preSolution
		Debug|Any CPU = Debug|Any CPU
		Release|Any CPU = Release|Any CPU
	EndGlobalSection
	GlobalSection(ProjectConfigurationPlatforms) = postSolution
		{7BB250C4-59CE-44B1-B8C6-066EF656BF0C}.Debug|Any CPU.ActiveCfg = Debug|Any CPU
		{7BB250C4-59CE-44B1-B8C6-066EF656BF0C}.Debug|Any CPU.Build.0 = Debug|Any CPU
		{7BB250C4-59CE-44B1-B8C6-066EF656BF0C}.Release|Any CPU.ActiveCfg = Release|Any CPU
		{7BB250C4-59CE-44B1-B8C6-066EF656BF0C}.Release|Any CPU.Build.0 = Release|Any CPU
		{AB99DEA5-8486-468F-AC41-F7971F0C029D}.Debug|Any CPU.ActiveCfg = Debug|Any CPU
		{AB99DEA5-8486-468F-AC41-F7971F0C029D}.Debug|Any CPU.Build.0 = Debug|Any CPU
		{AB99DEA5-8486-468F-AC41-F7971F0C029D}.Release|Any CPU.ActiveCfg = Release|Any CPU
		{AB99DEA5-8486-468F-AC41-F7971F0C029D}.Release|Any CPU.Build.0 = Release|Any CPU
		{AC76933F-D42A-43A9-A649-B19FF76D4519}.Debug|Any CPU.ActiveCfg = Debug|Any CPU
		{AC76933F-D42A-43A9-A649-B19FF76D4519}.Debug|Any CPU.Build.0 = Debug|Any CPU
		{AC76933F-D42A-43A9-A649-B19FF76D4519}.Release|Any CPU.ActiveCfg = Release|Any CPU
		{AC76933F-D42A-43A9-A649-B19FF76D4519}.Release|Any CPU.Build.0 = Release|Any CPU
		{1D2B4CA7-36B4-4734-AE56-B33DF8C3275D}.Debug|Any CPU.ActiveCfg = Debug|Any CPU
		{1D2B4CA7-36B4-4734-AE56-B33DF8C3275D}.Debug|Any CPU.Build.0 = Debug|Any CPU
		{1D2B4CA7-36B4-4734-AE56-B33DF8C3275D}.Release|Any CPU.ActiveCfg = Release|Any CPU
		{1D2B4CA7-36B4-4734-AE56-B33DF8C3275D}.Release|Any CPU.Build.0 = Release|Any CPU
	EndGlobalSection
	GlobalSection(SolutionProperties) = preSolution
		HideSolutionNode = FALSE
	EndGlobalSection
	GlobalSection(NestedProjects) = preSolution
		{AB99DEA5-8486-468F-AC41-F7971F0C029D} = {228BB31A-EDF8-4628-938A-CC42EFE492D3}
		{AC76933F-D42A-43A9-A649-B19FF76D4519} = {228BB31A-EDF8-4628-938A-CC42EFE492D3}
		{7BB250C4-59CE-44B1-B8C6-066EF656BF0C} = {228BB31A-EDF8-4628-938A-CC42EFE492D3}
		{1D2B4CA7-36B4-4734-AE56-B33DF8C3275D} = {228BB31A-EDF8-4628-938A-CC42EFE492D3}
	EndGlobalSection
EndGlobal
