
Microsoft Visual Studio Solution File, Format Version 12.00
# Visual Studio 2013
VisualStudioVersion = 12.0.21005.1
MinimumVisualStudioVersion = 10.0.40219.1
Project("{FAE04EC0-301F-11D3-BF4B-00C04F79EFBC}") = "Federations.ConsoleApp", "Federations.ConsoleApp\Federations.ConsoleApp.csproj", "{9ECA9883-9769-4BE9-9264-BE4455E7C777}"
EndProject
Project("{FAE04EC0-301F-11D3-BF4B-00C04F79EFBC}") = "Federations.Messages", "Federations.Messages\Federations.Messages.csproj", "{50B687A9-A0C4-45B8-9F83-A261397BAA52}"
EndProject
Global
	GlobalSection(SolutionConfigurationPlatforms) = preSolution
		Debug|Any CPU = Debug|Any CPU
		Release|Any CPU = Release|Any CPU
	EndGlobalSection
	GlobalSection(ProjectConfigurationPlatforms) = postSolution
		{9ECA9883-9769-4BE9-9264-BE4455E7C777}.Debug|Any CPU.ActiveCfg = Debug|Any CPU
		{9ECA9883-9769-4BE9-9264-BE4455E7C777}.Debug|Any CPU.Build.0 = Debug|Any CPU
		{9ECA9883-9769-4BE9-9264-BE4455E7C777}.Release|Any CPU.ActiveCfg = Release|Any CPU
		{9ECA9883-9769-4BE9-9264-BE4455E7C777}.Release|Any CPU.Build.0 = Release|Any CPU
		{50B687A9-A0C4-45B8-9F83-A261397BAA52}.Debug|Any CPU.ActiveCfg = Debug|Any CPU
		{50B687A9-A0C4-45B8-9F83-A261397BAA52}.Debug|Any CPU.Build.0 = Debug|Any CPU
		{50B687A9-A0C4-45B8-9F83-A261397BAA52}.Release|Any CPU.ActiveCfg = Release|Any CPU
		{50B687A9-A0C4-45B8-9F83-A261397BAA52}.Release|Any CPU.Build.0 = Release|Any CPU
	EndGlobalSection
	GlobalSection(SolutionProperties) = preSolution
		HideSolutionNode = FALSE
	EndGlobalSection
EndGlobal
