
Microsoft Visual Studio Solution File, Format Version 12.00
# Visual Studio 2013
VisualStudioVersion = 12.0.30501.0
MinimumVisualStudioVersion = 10.0.40219.1
Project("{FAE04EC0-301F-11D3-BF4B-00C04F79EFBC}") = "RabbitQueueStuff", "RabbitQueueStuff\RabbitQueueStuff.csproj", "{8153BA90-2F90-4D88-A2E1-D338C31A6C96}"
EndProject
Project("{FAE04EC0-301F-11D3-BF4B-00C04F79EFBC}") = "RabbitQueueStuff.UnitTests", "RabbitQueueStuff.UnitTests\RabbitQueueStuff.UnitTests.csproj", "{DA8C0638-AFB3-4D8D-AAD3-C11089225FFE}"
EndProject
Global
	GlobalSection(SolutionConfigurationPlatforms) = preSolution
		Debug|Any CPU = Debug|Any CPU
		Release|Any CPU = Release|Any CPU
	EndGlobalSection
	GlobalSection(ProjectConfigurationPlatforms) = postSolution
		{8153BA90-2F90-4D88-A2E1-D338C31A6C96}.Debug|Any CPU.ActiveCfg = Debug|Any CPU
		{8153BA90-2F90-4D88-A2E1-D338C31A6C96}.Debug|Any CPU.Build.0 = Debug|Any CPU
		{8153BA90-2F90-4D88-A2E1-D338C31A6C96}.Release|Any CPU.ActiveCfg = Release|Any CPU
		{8153BA90-2F90-4D88-A2E1-D338C31A6C96}.Release|Any CPU.Build.0 = Release|Any CPU
		{DA8C0638-AFB3-4D8D-AAD3-C11089225FFE}.Debug|Any CPU.ActiveCfg = Debug|Any CPU
		{DA8C0638-AFB3-4D8D-AAD3-C11089225FFE}.Debug|Any CPU.Build.0 = Debug|Any CPU
		{DA8C0638-AFB3-4D8D-AAD3-C11089225FFE}.Release|Any CPU.ActiveCfg = Release|Any CPU
		{DA8C0638-AFB3-4D8D-AAD3-C11089225FFE}.Release|Any CPU.Build.0 = Release|Any CPU
	EndGlobalSection
	GlobalSection(SolutionProperties) = preSolution
		HideSolutionNode = FALSE
	EndGlobalSection
EndGlobal
