
Microsoft Visual Studio Solution File, Format Version 12.00
# Visual Studio 2012
Project("{FAE04EC0-301F-11D3-BF4B-00C04F79EFBC}") = "ServiceHost", "ServiceHost\ServiceHost.csproj", "{822AA7BF-9B6F-41EC-A0E8-9CF9EFA770E7}"
	ProjectSection(ProjectDependencies) = postProject
		{5B1AC96A-2F17-430D-8566-F8B7D6388C11} = {5B1AC96A-2F17-430D-8566-F8B7D6388C11}
	EndProjectSection
EndProject
Project("{FAE04EC0-301F-11D3-BF4B-00C04F79EFBC}") = "ServiceHost.Adapter", "ServiceHost.Adapter\ServiceHost.Adapter.csproj", "{C003B647-CF7C-4B38-8E14-EA3818CB751C}"
EndProject
Project("{FAE04EC0-301F-11D3-BF4B-00C04F79EFBC}") = "SamplePlugin", "SamplePlugin\SamplePlugin.csproj", "{5B1AC96A-2F17-430D-8566-F8B7D6388C11}"
EndProject
Global
	GlobalSection(SolutionConfigurationPlatforms) = preSolution
		Debug|Any CPU = Debug|Any CPU
		Release|Any CPU = Release|Any CPU
	EndGlobalSection
	GlobalSection(ProjectConfigurationPlatforms) = postSolution
		{822AA7BF-9B6F-41EC-A0E8-9CF9EFA770E7}.Debug|Any CPU.ActiveCfg = Debug|Any CPU
		{822AA7BF-9B6F-41EC-A0E8-9CF9EFA770E7}.Debug|Any CPU.Build.0 = Debug|Any CPU
		{822AA7BF-9B6F-41EC-A0E8-9CF9EFA770E7}.Release|Any CPU.ActiveCfg = Release|Any CPU
		{822AA7BF-9B6F-41EC-A0E8-9CF9EFA770E7}.Release|Any CPU.Build.0 = Release|Any CPU
		{C003B647-CF7C-4B38-8E14-EA3818CB751C}.Debug|Any CPU.ActiveCfg = Debug|Any CPU
		{C003B647-CF7C-4B38-8E14-EA3818CB751C}.Debug|Any CPU.Build.0 = Debug|Any CPU
		{C003B647-CF7C-4B38-8E14-EA3818CB751C}.Release|Any CPU.ActiveCfg = Release|Any CPU
		{C003B647-CF7C-4B38-8E14-EA3818CB751C}.Release|Any CPU.Build.0 = Release|Any CPU
		{5B1AC96A-2F17-430D-8566-F8B7D6388C11}.Debug|Any CPU.ActiveCfg = Debug|Any CPU
		{5B1AC96A-2F17-430D-8566-F8B7D6388C11}.Debug|Any CPU.Build.0 = Debug|Any CPU
		{5B1AC96A-2F17-430D-8566-F8B7D6388C11}.Release|Any CPU.ActiveCfg = Release|Any CPU
		{5B1AC96A-2F17-430D-8566-F8B7D6388C11}.Release|Any CPU.Build.0 = Release|Any CPU
	EndGlobalSection
	GlobalSection(SolutionProperties) = preSolution
		HideSolutionNode = FALSE
	EndGlobalSection
EndGlobal
